
Microsoft Visual Studio Solution File, Format Version 12.00
# Visual Studio Version 17
VisualStudioVersion = 17.8.34511.84
MinimumVisualStudioVersion = 10.0.40219.1
Project("{FAE04EC0-301F-11D3-BF4B-00C04F79EFBC}") = "TicTacToe", "TicTacToe\TicTacToe.csproj", "{2104FE4C-0813-4542-B563-E985976A564B}"
EndProject
Global
	GlobalSection(SolutionConfigurationPlatforms) = preSolution
		Debug|Any CPU = Debug|Any CPU
		Release|Any CPU = Release|Any CPU
	EndGlobalSection
	GlobalSection(ProjectConfigurationPlatforms) = postSolution
		{2104FE4C-0813-4542-B563-E985976A564B}.Debug|Any CPU.ActiveCfg = Debug|Any CPU
		{2104FE4C-0813-4542-B563-E985976A564B}.Debug|Any CPU.Build.0 = Debug|Any CPU
		{2104FE4C-0813-4542-B563-E985976A564B}.Debug|Any CPU.Deploy.0 = Debug|Any CPU
		{2104FE4C-0813-4542-B563-E985976A564B}.Release|Any CPU.ActiveCfg = Release|Any CPU
		{2104FE4C-0813-4542-B563-E985976A564B}.Release|Any CPU.Build.0 = Release|Any CPU
		{2104FE4C-0813-4542-B563-E985976A564B}.Release|Any CPU.Deploy.0 = Release|Any CPU
	EndGlobalSection
	GlobalSection(SolutionProperties) = preSolution
		HideSolutionNode = FALSE
	EndGlobalSection
	GlobalSection(ExtensibilityGlobals) = postSolution
		SolutionGuid = {CCD6AFA3-5F90-4A13-9D7C-32CA5AC10F3E}
	EndGlobalSection
EndGlobal
